{
  "name": "deviser_club",
  "version": "1.0.0",
  "lockfileVersion": 2,
  "requires": true,
  "packages": {
    "": {
      "name": "deviser_club",
      "version": "1.0.0",
      "license": "MIT",
      "dependencies": {
        "@tiptap/core": "^2.0.0-beta.182",
        "@tiptap/extension-link": "^2.0.0-beta.43",
        "@tiptap/extension-placeholder": "^2.0.0-beta.53",
        "@tiptap/starter-kit": "^2.0.0-beta.191",
        "tom-select": "^2.1.0"
      }
    },
    "node_modules/@orchidjs/sifter": {
      "version": "0.9.2",
      "resolved": "https://registry.npmjs.org/@orchidjs/sifter/-/sifter-0.9.2.tgz",
      "integrity": "sha512-8eR1aNWPhDt+cqOevGUajriiZbMzs6nGGdErUjSr99vMAxwMBRztnJu72OT8M7emyHTVjBB8BPjj4rJIoXQgKA=="
    },
    "node_modules/@tiptap/core": {
      "version": "2.0.0-beta.182",
      "resolved": "https://registry.npmjs.org/@tiptap/core/-/core-2.0.0-beta.182.tgz",
      "integrity": "sha512-MZGkMGnVnWhBzjvpBNwQ9zBz38ndi3Irbf90uCTSArR0kaCVkW4vmyuPuOXd+0SO8Yv/l5oyDdOCpaG3rnQYfw==",
      "license": "MIT",
      "dependencies": {
        "prosemirror-commands": "1.3.0",
        "prosemirror-keymap": "1.2.0",
        "prosemirror-model": "1.18.1",
        "prosemirror-schema-list": "1.2.0",
        "prosemirror-state": "1.4.1",
        "prosemirror-transform": "1.6.0",
        "prosemirror-view": "1.26.2"
      },
      "funding": {
        "type": "github",
        "url": "https://github.com/sponsors/ueberdosis"
      }
    },
    "node_modules/@tiptap/core/node_modules/prosemirror-view": {
      "version": "1.26.2",
      "resolved": "https://registry.npmjs.org/prosemirror-view/-/prosemirror-view-1.26.2.tgz",
      "integrity": "sha512-CGKw+GadkfSBEwRAJTHCEKJ4DlV6/3IhAdjpwGyZHUHtbP7jX4Ol4zmi7xa2c6GOabDlIJLYXJydoNYLX7lNeQ==",
      "license": "MIT",
      "dependencies": {
        "prosemirror-model": "^1.16.0",
        "prosemirror-state": "^1.0.0",
        "prosemirror-transform": "^1.1.0"
      }
    },
    "node_modules/@tiptap/extension-blockquote": {
      "version": "2.0.0-beta.29",
      "resolved": "https://registry.npmjs.org/@tiptap/extension-blockquote/-/extension-blockquote-2.0.0-beta.29.tgz",
      "integrity": "sha512-zMYT5TtpKWav9VhTn4JLyMvXmhEdbD6on0MdhcTjRm0I5ugyR4ZbJwh2aelM7G9DZVYzB8jZU18OSDJmo7Af7w==",
      "license": "MIT",
      "funding": {
        "type": "github",
        "url": "https://github.com/sponsors/ueberdosis"
      },
      "peerDependencies": {
        "@tiptap/core": "^2.0.0-beta.1"
      }
    },
    "node_modules/@tiptap/extension-bold": {
      "version": "2.0.0-beta.28",
      "resolved": "https://registry.npmjs.org/@tiptap/extension-bold/-/extension-bold-2.0.0-beta.28.tgz",
      "integrity": "sha512-DY8GOzw9xjmTFrnvTbgHUNxTnDfKrkDgrhe0SUvdkT2udntWp8umPdhPiD3vczLgHOJw6tX68qMRjbsR1ZPcHQ==",
      "license": "MIT",
      "funding": {
        "type": "github",
        "url": "https://github.com/sponsors/ueberdosis"
      },
      "peerDependencies": {
        "@tiptap/core": "^2.0.0-beta.1"
      }
    },
    "node_modules/@tiptap/extension-bullet-list": {
      "version": "2.0.0-beta.29",
      "resolved": "https://registry.npmjs.org/@tiptap/extension-bullet-list/-/extension-bullet-list-2.0.0-beta.29.tgz",
      "integrity": "sha512-R8VB2l1ZB6VeGWx/t/04nBS5Wg3qjIDEZCpPihj2fccJOw99Lu0Ub2UJg/SfdGmeNNpBh4ZYYFv1g/XjyzlXKg==",
      "license": "MIT",
      "funding": {
        "type": "github",
        "url": "https://github.com/sponsors/ueberdosis"
      },
      "peerDependencies": {
        "@tiptap/core": "^2.0.0-beta.1"
      }
    },
    "node_modules/@tiptap/extension-code": {
      "version": "2.0.0-beta.28",
      "resolved": "https://registry.npmjs.org/@tiptap/extension-code/-/extension-code-2.0.0-beta.28.tgz",
      "integrity": "sha512-QPJ2Gwb1+3NgcC1ZIhvVcb+FsnWWDu5VZXTKXM4mz892i9V2x48uHg5anPiUV6pcolXsW1F5VNbXIHGTUUO6CQ==",
      "license": "MIT",
      "funding": {
        "type": "github",
        "url": "https://github.com/sponsors/ueberdosis"
      },
      "peerDependencies": {
        "@tiptap/core": "^2.0.0-beta.1"
      }
    },
    "node_modules/@tiptap/extension-code-block": {
      "version": "2.0.0-beta.42",
      "resolved": "https://registry.npmjs.org/@tiptap/extension-code-block/-/extension-code-block-2.0.0-beta.42.tgz",
      "integrity": "sha512-4wzLup4mI8w9ypIceekUV/8g41cQIPn31qs1iC9u1/JuTkjMj/tA+TFUyp6IMugLxoI/P2DlTztU6/6m7n9DyQ==",
      "license": "MIT",
      "dependencies": {
        "prosemirror-state": "1.4.1"
      },
      "funding": {
        "type": "github",
        "url": "https://github.com/sponsors/ueberdosis"
      },
      "peerDependencies": {
        "@tiptap/core": "^2.0.0-beta.1"
      }
    },
    "node_modules/@tiptap/extension-document": {
      "version": "2.0.0-beta.17",
      "resolved": "https://registry.npmjs.org/@tiptap/extension-document/-/extension-document-2.0.0-beta.17.tgz",
      "integrity": "sha512-L6sg0FNchbtIpQkCSjMmItVGs3/vep8Fq56WRtDc1wBSGUSmtHaxQG7F2FZLnNIUMuvzVMRD81m2vYG73WkY6A==",
      "license": "MIT",
      "funding": {
        "type": "github",
        "url": "https://github.com/sponsors/ueberdosis"
      },
      "peerDependencies": {
        "@tiptap/core": "^2.0.0-beta.1"
      }
    },
    "node_modules/@tiptap/extension-dropcursor": {
      "version": "2.0.0-beta.29",
      "resolved": "https://registry.npmjs.org/@tiptap/extension-dropcursor/-/extension-dropcursor-2.0.0-beta.29.tgz",
      "integrity": "sha512-I+joyoFB8pfdXUPLMqdNO08nlB5m2lbu0VQ5dpqdi/HzgVThMZPZA1cW0X8vAUvrALs5/JFRiFoR9hrLN5R5ng==",
      "license": "MIT",
      "dependencies": {
        "prosemirror-dropcursor": "1.5.0"
      },
      "funding": {
        "type": "github",
        "url": "https://github.com/sponsors/ueberdosis"
      },
      "peerDependencies": {
        "@tiptap/core": "^2.0.0-beta.1"
      }
    },
    "node_modules/@tiptap/extension-gapcursor": {
      "version": "2.0.0-beta.39",
      "resolved": "https://registry.npmjs.org/@tiptap/extension-gapcursor/-/extension-gapcursor-2.0.0-beta.39.tgz",
      "integrity": "sha512-oCyz5WEeQXrEIoa1WXaD52yf1EwMFCXaK1cVzFgUj8lkXJ+nJj+O/Zp0Mg+9/MVR0LYu/kifqVorKNXM4AFA/g==",
      "license": "MIT",
      "dependencies": {
        "prosemirror-gapcursor": "1.3.0"
      },
      "funding": {
        "type": "github",
        "url": "https://github.com/sponsors/ueberdosis"
      },
      "peerDependencies": {
        "@tiptap/core": "^2.0.0-beta.1"
      }
    },
    "node_modules/@tiptap/extension-hard-break": {
      "version": "2.0.0-beta.33",
      "resolved": "https://registry.npmjs.org/@tiptap/extension-hard-break/-/extension-hard-break-2.0.0-beta.33.tgz",
      "integrity": "sha512-41xf0vSV9hcyTFd01ItLq/CjhjgmOFLCrO3UWN/P2E/cIxuDTyXcvjTE/KXeqRCOV3OYd9fVr0wO91hc8Ij1Yg==",
      "license": "MIT",
      "funding": {
        "type": "github",
        "url": "https://github.com/sponsors/ueberdosis"
      },
      "peerDependencies": {
        "@tiptap/core": "^2.0.0-beta.1"
      }
    },
    "node_modules/@tiptap/extension-heading": {
      "version": "2.0.0-beta.29",
      "resolved": "https://registry.npmjs.org/@tiptap/extension-heading/-/extension-heading-2.0.0-beta.29.tgz",
      "integrity": "sha512-q92jYcsT5bPhvuQaB0h44Z9r+Ii22tDYo082KMVnR4+tknHT/3xx+p4JC8KHjh+/5W8Quyafqy6mS8L8VX0zsQ==",
      "license": "MIT",
      "funding": {
        "type": "github",
        "url": "https://github.com/sponsors/ueberdosis"
      },
      "peerDependencies": {
        "@tiptap/core": "^2.0.0-beta.1"
      }
    },
    "node_modules/@tiptap/extension-history": {
      "version": "2.0.0-beta.26",
      "resolved": "https://registry.npmjs.org/@tiptap/extension-history/-/extension-history-2.0.0-beta.26.tgz",
      "integrity": "sha512-ly19uwvdmXG8Fw1KcavXIHi3Qx6JBASOR7394zghOEpW3atpY8nd/8I373rZ8eDUcGOClfaF7bCx2xvIotAAnw==",
      "license": "MIT",
      "dependencies": {
        "prosemirror-history": "1.3.0"
      },
      "funding": {
        "type": "github",
        "url": "https://github.com/sponsors/ueberdosis"
      },
      "peerDependencies": {
        "@tiptap/core": "^2.0.0-beta.1"
      }
    },
    "node_modules/@tiptap/extension-horizontal-rule": {
      "version": "2.0.0-beta.36",
      "resolved": "https://registry.npmjs.org/@tiptap/extension-horizontal-rule/-/extension-horizontal-rule-2.0.0-beta.36.tgz",
      "integrity": "sha512-o+Zp7dcn3zAQhtlhZiFB69mTHuH3ZRbGEF7Cbf1D3uX1izotni5zIZbPaFFUT4r6OmVe/vDDt/nopfcGc10ktQ==",
      "license": "MIT",
      "dependencies": {
        "prosemirror-state": "1.4.1"
      },
      "funding": {
        "type": "github",
        "url": "https://github.com/sponsors/ueberdosis"
      },
      "peerDependencies": {
        "@tiptap/core": "^2.0.0-beta.1"
      }
    },
    "node_modules/@tiptap/extension-italic": {
      "version": "2.0.0-beta.28",
      "resolved": "https://registry.npmjs.org/@tiptap/extension-italic/-/extension-italic-2.0.0-beta.28.tgz",
      "integrity": "sha512-/pKRiCfewh7nqiXRD3N4hQHfGrGNOiWPFYZfY35bSpvTms7PDb/MF7xT1CWW23hSpY31BBS+R/a66vlR/gqu7Q==",
      "license": "MIT",
      "funding": {
        "type": "github",
        "url": "https://github.com/sponsors/ueberdosis"
      },
      "peerDependencies": {
        "@tiptap/core": "^2.0.0-beta.1"
      }
    },
    "node_modules/@tiptap/extension-link": {
      "version": "2.0.0-beta.43",
      "resolved": "https://registry.npmjs.org/@tiptap/extension-link/-/extension-link-2.0.0-beta.43.tgz",
      "integrity": "sha512-AYueqfTW713KGVfWSWhVbj4ObeWudgawikm3m0uYcKSdsAz/CfEvOD2/NA0uyQzlxmYLA6Pf8HMxoKGN+O4Cmg==",
      "dependencies": {
        "linkifyjs": "^3.0.5",
        "prosemirror-model": "1.18.1",
        "prosemirror-state": "1.4.1"
      },
      "funding": {
        "type": "github",
        "url": "https://github.com/sponsors/ueberdosis"
      },
      "peerDependencies": {
        "@tiptap/core": "^2.0.0-beta.1"
      }
    },
    "node_modules/@tiptap/extension-list-item": {
      "version": "2.0.0-beta.23",
      "resolved": "https://registry.npmjs.org/@tiptap/extension-list-item/-/extension-list-item-2.0.0-beta.23.tgz",
      "integrity": "sha512-AkzvdELz3ZnrlZM0r9+ritBDOnAjXHR/8zCZhW0ZlWx4zyKPMsNG5ygivY+xr4QT65NEGRT8P8b2zOhXrMjjMQ==",
      "license": "MIT",
      "funding": {
        "type": "github",
        "url": "https://github.com/sponsors/ueberdosis"
      },
      "peerDependencies": {
        "@tiptap/core": "^2.0.0-beta.1"
      }
    },
    "node_modules/@tiptap/extension-ordered-list": {
      "version": "2.0.0-beta.30",
      "resolved": "https://registry.npmjs.org/@tiptap/extension-ordered-list/-/extension-ordered-list-2.0.0-beta.30.tgz",
      "integrity": "sha512-GRxGQdq1u0Rp5N8TjthCqoZ//460m343A0HCN7UwfQOnX7Ipv0UJemwNkSHWrl7Pexym9vy3yPWgrn7oRRmgEw==",
      "license": "MIT",
      "funding": {
        "type": "github",
        "url": "https://github.com/sponsors/ueberdosis"
      },
      "peerDependencies": {
        "@tiptap/core": "^2.0.0-beta.1"
      }
    },
    "node_modules/@tiptap/extension-paragraph": {
      "version": "2.0.0-beta.26",
      "resolved": "https://registry.npmjs.org/@tiptap/extension-paragraph/-/extension-paragraph-2.0.0-beta.26.tgz",
      "integrity": "sha512-WcYsuUa7LLfk0vi7I1dVjdMRu53B52FMMqd+UL1qPdDKVkU3DBsZVwPj+yyfQyqN8Mc/xyg9VacGaiKFLmWNDg==",
      "license": "MIT",
      "funding": {
        "type": "github",
        "url": "https://github.com/sponsors/ueberdosis"
      },
      "peerDependencies": {
        "@tiptap/core": "^2.0.0-beta.1"
      }
    },
    "node_modules/@tiptap/extension-placeholder": {
      "version": "2.0.0-beta.53",
      "resolved": "https://registry.npmjs.org/@tiptap/extension-placeholder/-/extension-placeholder-2.0.0-beta.53.tgz",
      "integrity": "sha512-NGU/a+GvcJVBjFqb2vI45+rNa3Cjsq/M+R/2xg9olb1w/HBr17NKf/5WSoqcc1S2cdnmMH6rB0/mVhG7Ciur+Q==",
      "dependencies": {
        "prosemirror-model": "1.18.1",
        "prosemirror-state": "1.4.1",
        "prosemirror-view": "1.26.2"
      },
      "funding": {
        "type": "github",
        "url": "https://github.com/sponsors/ueberdosis"
      },
      "peerDependencies": {
        "@tiptap/core": "^2.0.0-beta.1"
      }
    },
    "node_modules/@tiptap/extension-placeholder/node_modules/prosemirror-view": {
      "version": "1.26.2",
      "resolved": "https://registry.npmjs.org/prosemirror-view/-/prosemirror-view-1.26.2.tgz",
      "integrity": "sha512-CGKw+GadkfSBEwRAJTHCEKJ4DlV6/3IhAdjpwGyZHUHtbP7jX4Ol4zmi7xa2c6GOabDlIJLYXJydoNYLX7lNeQ==",
      "dependencies": {
        "prosemirror-model": "^1.16.0",
        "prosemirror-state": "^1.0.0",
        "prosemirror-transform": "^1.1.0"
      }
    },
    "node_modules/@tiptap/extension-strike": {
      "version": "2.0.0-beta.29",
      "resolved": "https://registry.npmjs.org/@tiptap/extension-strike/-/extension-strike-2.0.0-beta.29.tgz",
      "integrity": "sha512-zqFuY7GfNmZ/KClt6kxQ+msGo3syqucP/Xnlihxi+/h/G+oTvEwyOIXCtDOltvxcsWH/TUsdr5vzLp0j+Mdc6Q==",
      "license": "MIT",
      "funding": {
        "type": "github",
        "url": "https://github.com/sponsors/ueberdosis"
      },
      "peerDependencies": {
        "@tiptap/core": "^2.0.0-beta.1"
      }
    },
    "node_modules/@tiptap/extension-text": {
      "version": "2.0.0-beta.17",
      "resolved": "https://registry.npmjs.org/@tiptap/extension-text/-/extension-text-2.0.0-beta.17.tgz",
      "integrity": "sha512-OyKL+pqWJEtjyd9/mrsuY1kZh2b3LWpOQDWKtd4aWR4EA0efmQG+7FPwcIeAVEh7ZoqM+/ABCnPjN6IjzIrSfg==",
      "license": "MIT",
      "funding": {
        "type": "github",
        "url": "https://github.com/sponsors/ueberdosis"
      },
      "peerDependencies": {
        "@tiptap/core": "^2.0.0-beta.1"
      }
    },
    "node_modules/@tiptap/starter-kit": {
      "version": "2.0.0-beta.191",
      "resolved": "https://registry.npmjs.org/@tiptap/starter-kit/-/starter-kit-2.0.0-beta.191.tgz",
      "integrity": "sha512-YRrBCi9W4jiH/xLTJJOCdD7pL4Wb98Ip8qCJ94RElShDj0O1i5tT9wWlgVWoGIU+CRAds5XENRwZ97sJ+YfYyg==",
      "license": "MIT",
      "dependencies": {
        "@tiptap/core": "^2.0.0-beta.182",
        "@tiptap/extension-blockquote": "^2.0.0-beta.29",
        "@tiptap/extension-bold": "^2.0.0-beta.28",
        "@tiptap/extension-bullet-list": "^2.0.0-beta.29",
        "@tiptap/extension-code": "^2.0.0-beta.28",
        "@tiptap/extension-code-block": "^2.0.0-beta.42",
        "@tiptap/extension-document": "^2.0.0-beta.17",
        "@tiptap/extension-dropcursor": "^2.0.0-beta.29",
        "@tiptap/extension-gapcursor": "^2.0.0-beta.39",
        "@tiptap/extension-hard-break": "^2.0.0-beta.33",
        "@tiptap/extension-heading": "^2.0.0-beta.29",
        "@tiptap/extension-history": "^2.0.0-beta.26",
        "@tiptap/extension-horizontal-rule": "^2.0.0-beta.36",
        "@tiptap/extension-italic": "^2.0.0-beta.28",
        "@tiptap/extension-list-item": "^2.0.0-beta.23",
        "@tiptap/extension-ordered-list": "^2.0.0-beta.30",
        "@tiptap/extension-paragraph": "^2.0.0-beta.26",
        "@tiptap/extension-strike": "^2.0.0-beta.29",
        "@tiptap/extension-text": "^2.0.0-beta.17"
      },
      "funding": {
        "type": "github",
        "url": "https://github.com/sponsors/ueberdosis"
      }
    },
    "node_modules/linkifyjs": {
      "version": "3.0.5",
      "resolved": "https://registry.npmjs.org/linkifyjs/-/linkifyjs-3.0.5.tgz",
      "integrity": "sha512-1Y9XQH65eQKA9p2xtk+zxvnTeQBG7rdAXSkUG97DmuI/Xhji9uaUzaWxRj6rf9YC0v8KKHkxav7tnLX82Sz5Fg=="
    },
    "node_modules/orderedmap": {
      "version": "2.0.0",
      "resolved": "https://registry.npmjs.org/orderedmap/-/orderedmap-2.0.0.tgz",
      "integrity": "sha512-buf4PoAMlh45b8a8gsGy/X6w279TSqkyAS0C0wdTSJwFSU+ljQFJON5I8NfjLHoCXwpSROIo2wr0g33T+kQshQ==",
      "license": "MIT"
    },
    "node_modules/prosemirror-commands": {
      "version": "1.3.0",
      "resolved": "https://registry.npmjs.org/prosemirror-commands/-/prosemirror-commands-1.3.0.tgz",
      "integrity": "sha512-BwBbZ5OAScPcm0x7H8SPbqjuEJnCU2RJT9LDyOiiIl/3NbL1nJZI4SFNHwU2e/tRr2Xe7JsptpzseqvZvToLBQ==",
      "license": "MIT",
      "dependencies": {
        "prosemirror-model": "^1.0.0",
        "prosemirror-state": "^1.0.0",
        "prosemirror-transform": "^1.0.0"
      }
    },
    "node_modules/prosemirror-dropcursor": {
      "version": "1.5.0",
      "resolved": "https://registry.npmjs.org/prosemirror-dropcursor/-/prosemirror-dropcursor-1.5.0.tgz",
      "integrity": "sha512-vy7i77ddKyXlu8kKBB3nlxLBnsWyKUmQIPB5x8RkYNh01QNp/qqGmdd5yZefJs0s3rtv5r7Izfu2qbtr+tYAMQ==",
      "license": "MIT",
      "dependencies": {
        "prosemirror-state": "^1.0.0",
        "prosemirror-transform": "^1.1.0",
        "prosemirror-view": "^1.1.0"
      }
    },
    "node_modules/prosemirror-gapcursor": {
      "version": "1.3.0",
      "resolved": "https://registry.npmjs.org/prosemirror-gapcursor/-/prosemirror-gapcursor-1.3.0.tgz",
      "integrity": "sha512-9Tdx83xB2W4Oqchm12FtCkSizbqvi64cjs1I9TRPblqdA5TUWoVZ4ZI+t71Jh6HSEh4cDMPzx3UwfryJtKlb/w==",
      "license": "MIT",
      "dependencies": {
        "prosemirror-keymap": "^1.0.0",
        "prosemirror-model": "^1.0.0",
        "prosemirror-state": "^1.0.0",
        "prosemirror-view": "^1.0.0"
      }
    },
    "node_modules/prosemirror-history": {
      "version": "1.3.0",
      "resolved": "https://registry.npmjs.org/prosemirror-history/-/prosemirror-history-1.3.0.tgz",
      "integrity": "sha512-qo/9Wn4B/Bq89/YD+eNWFbAytu6dmIM85EhID+fz9Jcl9+DfGEo8TTSrRhP15+fFEoaPqpHSxlvSzSEbmlxlUA==",
      "license": "MIT",
      "dependencies": {
        "prosemirror-state": "^1.2.2",
        "prosemirror-transform": "^1.0.0",
        "rope-sequence": "^1.3.0"
      }
    },
    "node_modules/prosemirror-keymap": {
      "version": "1.2.0",
      "resolved": "https://registry.npmjs.org/prosemirror-keymap/-/prosemirror-keymap-1.2.0.tgz",
      "integrity": "sha512-TdSfu+YyLDd54ufN/ZeD1VtBRYpgZnTPnnbY+4R08DDgs84KrIPEPbJL8t1Lm2dkljFx6xeBE26YWH3aIzkPKg==",
      "license": "MIT",
      "dependencies": {
        "prosemirror-state": "^1.0.0",
        "w3c-keyname": "^2.2.0"
      }
    },
    "node_modules/prosemirror-model": {
      "version": "1.18.1",
      "resolved": "https://registry.npmjs.org/prosemirror-model/-/prosemirror-model-1.18.1.tgz",
      "integrity": "sha512-IxSVBKAEMjD7s3n8cgtwMlxAXZrC7Mlag7zYsAKDndAqnDScvSmp/UdnRTV/B33lTCVU3CCm7dyAn/rVVD0mcw==",
      "license": "MIT",
      "dependencies": {
        "orderedmap": "^2.0.0"
      }
    },
    "node_modules/prosemirror-schema-list": {
      "version": "1.2.0",
      "resolved": "https://registry.npmjs.org/prosemirror-schema-list/-/prosemirror-schema-list-1.2.0.tgz",
      "integrity": "sha512-8PT/9xOx1HHdC7fDNNfhQ50Z8Mzu7nKyA1KCDltSpcZVZIbB0k7KtsHrnXyuIhbLlScoymBiLZ00c5MH6wdFsA==",
      "license": "MIT",
      "dependencies": {
        "prosemirror-model": "^1.0.0",
        "prosemirror-state": "^1.0.0",
        "prosemirror-transform": "^1.0.0"
      }
    },
    "node_modules/prosemirror-state": {
      "version": "1.4.1",
      "resolved": "https://registry.npmjs.org/prosemirror-state/-/prosemirror-state-1.4.1.tgz",
      "integrity": "sha512-U/LBDW2gNmVa07sz/D229XigSdDQ5CLFwVB1Vb32MJbAHHhWe/6pOc721faI17tqw4pZ49i1xfY/jEZ9tbIhPg==",
      "license": "MIT",
      "dependencies": {
        "prosemirror-model": "^1.0.0",
        "prosemirror-transform": "^1.0.0"
      }
    },
    "node_modules/prosemirror-transform": {
      "version": "1.6.0",
      "resolved": "https://registry.npmjs.org/prosemirror-transform/-/prosemirror-transform-1.6.0.tgz",
      "integrity": "sha512-MAp7AjsjEGEqQY0sSMufNIUuEyB1ZR9Fqlm8dTwwWwpEJRv/plsKjWXBbx52q3Ml8MtaMcd7ic14zAHVB3WaMw==",
      "license": "MIT",
      "dependencies": {
        "prosemirror-model": "^1.0.0"
      }
    },
    "node_modules/prosemirror-view": {
      "version": "1.27.0",
      "resolved": "https://registry.npmjs.org/prosemirror-view/-/prosemirror-view-1.27.0.tgz",
      "integrity": "sha512-yNCQW5eiPkrMgjOT5Xa/ItIvcM7JBG7ikZKaHo26hdBW5OLNnIWGZ0BV6/OiBk742teLybLVNPCpYUcW405Ckg==",
      "license": "MIT",
      "dependencies": {
        "prosemirror-model": "^1.16.0",
        "prosemirror-state": "^1.0.0",
        "prosemirror-transform": "^1.1.0"
      }
    },
    "node_modules/rope-sequence": {
      "version": "1.3.3",
      "resolved": "https://registry.npmjs.org/rope-sequence/-/rope-sequence-1.3.3.tgz",
      "integrity": "sha512-85aZYCxweiD5J8yTEbw+E6A27zSnLPNDL0WfPdw3YYodq7WjnTKo0q4dtyQ2gz23iPT8Q9CUyJtAaUNcTxRf5Q==",
      "license": "MIT"
    },
    "node_modules/tom-select": {
      "version": "2.1.0",
      "resolved": "https://registry.npmjs.org/tom-select/-/tom-select-2.1.0.tgz",
      "integrity": "sha512-NtE8kACBlMv4QaDakYfnXtEAgM/AVmM7Hw5FNQmij0uwgRgyXC/2kpNJPD1AdT5q/l6mUNkTnInQpTmrwX/tWQ==",
      "dependencies": {
        "@orchidjs/sifter": "^0.9.2"
      },
      "engines": {
        "node": "*"
      },
      "funding": {
        "type": "opencollective",
        "url": "https://opencollective.com/tom-select"
      }
    },
    "node_modules/w3c-keyname": {
      "version": "2.2.4",
      "resolved": "https://registry.npmjs.org/w3c-keyname/-/w3c-keyname-2.2.4.tgz",
      "integrity": "sha512-tOhfEwEzFLJzf6d1ZPkYfGj+FWhIpBux9ppoP3rlclw3Z0BZv3N7b7030Z1kYth+6rDuAsXUFr+d0VE6Ed1ikw==",
      "license": "MIT"
    }
  },
  "dependencies": {
    "@orchidjs/sifter": {
      "version": "0.9.2",
      "resolved": "https://registry.npmjs.org/@orchidjs/sifter/-/sifter-0.9.2.tgz",
      "integrity": "sha512-8eR1aNWPhDt+cqOevGUajriiZbMzs6nGGdErUjSr99vMAxwMBRztnJu72OT8M7emyHTVjBB8BPjj4rJIoXQgKA=="
    },
    "@tiptap/core": {
      "version": "2.0.0-beta.182",
      "resolved": "https://registry.npmjs.org/@tiptap/core/-/core-2.0.0-beta.182.tgz",
      "integrity": "sha512-MZGkMGnVnWhBzjvpBNwQ9zBz38ndi3Irbf90uCTSArR0kaCVkW4vmyuPuOXd+0SO8Yv/l5oyDdOCpaG3rnQYfw==",
      "requires": {
        "prosemirror-commands": "1.3.0",
        "prosemirror-keymap": "1.2.0",
        "prosemirror-model": "1.18.1",
        "prosemirror-schema-list": "1.2.0",
        "prosemirror-state": "1.4.1",
        "prosemirror-transform": "1.6.0",
        "prosemirror-view": "1.26.2"
      },
      "dependencies": {
        "prosemirror-view": {
          "version": "1.26.2",
          "resolved": "https://registry.npmjs.org/prosemirror-view/-/prosemirror-view-1.26.2.tgz",
          "integrity": "sha512-CGKw+GadkfSBEwRAJTHCEKJ4DlV6/3IhAdjpwGyZHUHtbP7jX4Ol4zmi7xa2c6GOabDlIJLYXJydoNYLX7lNeQ==",
          "requires": {
            "prosemirror-model": "^1.16.0",
            "prosemirror-state": "^1.0.0",
            "prosemirror-transform": "^1.1.0"
          }
        }
      }
    },
    "@tiptap/extension-blockquote": {
      "version": "2.0.0-beta.29",
      "resolved": "https://registry.npmjs.org/@tiptap/extension-blockquote/-/extension-blockquote-2.0.0-beta.29.tgz",
      "integrity": "sha512-zMYT5TtpKWav9VhTn4JLyMvXmhEdbD6on0MdhcTjRm0I5ugyR4ZbJwh2aelM7G9DZVYzB8jZU18OSDJmo7Af7w==",
      "requires": {}
    },
    "@tiptap/extension-bold": {
      "version": "2.0.0-beta.28",
      "resolved": "https://registry.npmjs.org/@tiptap/extension-bold/-/extension-bold-2.0.0-beta.28.tgz",
      "integrity": "sha512-DY8GOzw9xjmTFrnvTbgHUNxTnDfKrkDgrhe0SUvdkT2udntWp8umPdhPiD3vczLgHOJw6tX68qMRjbsR1ZPcHQ==",
      "requires": {}
    },
    "@tiptap/extension-bullet-list": {
      "version": "2.0.0-beta.29",
      "resolved": "https://registry.npmjs.org/@tiptap/extension-bullet-list/-/extension-bullet-list-2.0.0-beta.29.tgz",
      "integrity": "sha512-R8VB2l1ZB6VeGWx/t/04nBS5Wg3qjIDEZCpPihj2fccJOw99Lu0Ub2UJg/SfdGmeNNpBh4ZYYFv1g/XjyzlXKg==",
      "requires": {}
    },
    "@tiptap/extension-code": {
      "version": "2.0.0-beta.28",
      "resolved": "https://registry.npmjs.org/@tiptap/extension-code/-/extension-code-2.0.0-beta.28.tgz",
      "integrity": "sha512-QPJ2Gwb1+3NgcC1ZIhvVcb+FsnWWDu5VZXTKXM4mz892i9V2x48uHg5anPiUV6pcolXsW1F5VNbXIHGTUUO6CQ==",
      "requires": {}
    },
    "@tiptap/extension-code-block": {
      "version": "2.0.0-beta.42",
      "resolved": "https://registry.npmjs.org/@tiptap/extension-code-block/-/extension-code-block-2.0.0-beta.42.tgz",
      "integrity": "sha512-4wzLup4mI8w9ypIceekUV/8g41cQIPn31qs1iC9u1/JuTkjMj/tA+TFUyp6IMugLxoI/P2DlTztU6/6m7n9DyQ==",
      "requires": {
        "prosemirror-state": "1.4.1"
      }
    },
    "@tiptap/extension-document": {
      "version": "2.0.0-beta.17",
      "resolved": "https://registry.npmjs.org/@tiptap/extension-document/-/extension-document-2.0.0-beta.17.tgz",
      "integrity": "sha512-L6sg0FNchbtIpQkCSjMmItVGs3/vep8Fq56WRtDc1wBSGUSmtHaxQG7F2FZLnNIUMuvzVMRD81m2vYG73WkY6A==",
      "requires": {}
    },
    "@tiptap/extension-dropcursor": {
      "version": "2.0.0-beta.29",
      "resolved": "https://registry.npmjs.org/@tiptap/extension-dropcursor/-/extension-dropcursor-2.0.0-beta.29.tgz",
      "integrity": "sha512-I+joyoFB8pfdXUPLMqdNO08nlB5m2lbu0VQ5dpqdi/HzgVThMZPZA1cW0X8vAUvrALs5/JFRiFoR9hrLN5R5ng==",
      "requires": {
        "prosemirror-dropcursor": "1.5.0"
      }
    },
    "@tiptap/extension-gapcursor": {
      "version": "2.0.0-beta.39",
      "resolved": "https://registry.npmjs.org/@tiptap/extension-gapcursor/-/extension-gapcursor-2.0.0-beta.39.tgz",
      "integrity": "sha512-oCyz5WEeQXrEIoa1WXaD52yf1EwMFCXaK1cVzFgUj8lkXJ+nJj+O/Zp0Mg+9/MVR0LYu/kifqVorKNXM4AFA/g==",
      "requires": {
        "prosemirror-gapcursor": "1.3.0"
      }
    },
    "@tiptap/extension-hard-break": {
      "version": "2.0.0-beta.33",
      "resolved": "https://registry.npmjs.org/@tiptap/extension-hard-break/-/extension-hard-break-2.0.0-beta.33.tgz",
      "integrity": "sha512-41xf0vSV9hcyTFd01ItLq/CjhjgmOFLCrO3UWN/P2E/cIxuDTyXcvjTE/KXeqRCOV3OYd9fVr0wO91hc8Ij1Yg==",
      "requires": {}
    },
    "@tiptap/extension-heading": {
      "version": "2.0.0-beta.29",
      "resolved": "https://registry.npmjs.org/@tiptap/extension-heading/-/extension-heading-2.0.0-beta.29.tgz",
      "integrity": "sha512-q92jYcsT5bPhvuQaB0h44Z9r+Ii22tDYo082KMVnR4+tknHT/3xx+p4JC8KHjh+/5W8Quyafqy6mS8L8VX0zsQ==",
      "requires": {}
    },
    "@tiptap/extension-history": {
      "version": "2.0.0-beta.26",
      "resolved": "https://registry.npmjs.org/@tiptap/extension-history/-/extension-history-2.0.0-beta.26.tgz",
      "integrity": "sha512-ly19uwvdmXG8Fw1KcavXIHi3Qx6JBASOR7394zghOEpW3atpY8nd/8I373rZ8eDUcGOClfaF7bCx2xvIotAAnw==",
      "requires": {
        "prosemirror-history": "1.3.0"
      }
    },
    "@tiptap/extension-horizontal-rule": {
      "version": "2.0.0-beta.36",
      "resolved": "https://registry.npmjs.org/@tiptap/extension-horizontal-rule/-/extension-horizontal-rule-2.0.0-beta.36.tgz",
      "integrity": "sha512-o+Zp7dcn3zAQhtlhZiFB69mTHuH3ZRbGEF7Cbf1D3uX1izotni5zIZbPaFFUT4r6OmVe/vDDt/nopfcGc10ktQ==",
      "requires": {
        "prosemirror-state": "1.4.1"
      }
    },
    "@tiptap/extension-italic": {
      "version": "2.0.0-beta.28",
      "resolved": "https://registry.npmjs.org/@tiptap/extension-italic/-/extension-italic-2.0.0-beta.28.tgz",
      "integrity": "sha512-/pKRiCfewh7nqiXRD3N4hQHfGrGNOiWPFYZfY35bSpvTms7PDb/MF7xT1CWW23hSpY31BBS+R/a66vlR/gqu7Q==",
      "requires": {}
    },
    "@tiptap/extension-link": {
      "version": "2.0.0-beta.43",
      "resolved": "https://registry.npmjs.org/@tiptap/extension-link/-/extension-link-2.0.0-beta.43.tgz",
      "integrity": "sha512-AYueqfTW713KGVfWSWhVbj4ObeWudgawikm3m0uYcKSdsAz/CfEvOD2/NA0uyQzlxmYLA6Pf8HMxoKGN+O4Cmg==",
      "requires": {
        "linkifyjs": "^3.0.5",
        "prosemirror-model": "1.18.1",
        "prosemirror-state": "1.4.1"
      }
    },
    "@tiptap/extension-list-item": {
      "version": "2.0.0-beta.23",
      "resolved": "https://registry.npmjs.org/@tiptap/extension-list-item/-/extension-list-item-2.0.0-beta.23.tgz",
      "integrity": "sha512-AkzvdELz3ZnrlZM0r9+ritBDOnAjXHR/8zCZhW0ZlWx4zyKPMsNG5ygivY+xr4QT65NEGRT8P8b2zOhXrMjjMQ==",
      "requires": {}
    },
    "@tiptap/extension-ordered-list": {
      "version": "2.0.0-beta.30",
      "resolved": "https://registry.npmjs.org/@tiptap/extension-ordered-list/-/extension-ordered-list-2.0.0-beta.30.tgz",
      "integrity": "sha512-GRxGQdq1u0Rp5N8TjthCqoZ//460m343A0HCN7UwfQOnX7Ipv0UJemwNkSHWrl7Pexym9vy3yPWgrn7oRRmgEw==",
      "requires": {}
    },
    "@tiptap/extension-paragraph": {
      "version": "2.0.0-beta.26",
      "resolved": "https://registry.npmjs.org/@tiptap/extension-paragraph/-/extension-paragraph-2.0.0-beta.26.tgz",
      "integrity": "sha512-WcYsuUa7LLfk0vi7I1dVjdMRu53B52FMMqd+UL1qPdDKVkU3DBsZVwPj+yyfQyqN8Mc/xyg9VacGaiKFLmWNDg==",
      "requires": {}
    },
    "@tiptap/extension-placeholder": {
      "version": "2.0.0-beta.53",
      "resolved": "https://registry.npmjs.org/@tiptap/extension-placeholder/-/extension-placeholder-2.0.0-beta.53.tgz",
      "integrity": "sha512-NGU/a+GvcJVBjFqb2vI45+rNa3Cjsq/M+R/2xg9olb1w/HBr17NKf/5WSoqcc1S2cdnmMH6rB0/mVhG7Ciur+Q==",
      "requires": {
        "prosemirror-model": "1.18.1",
        "prosemirror-state": "1.4.1",
        "prosemirror-view": "1.26.2"
      },
      "dependencies": {
        "prosemirror-view": {
          "version": "1.26.2",
          "resolved": "https://registry.npmjs.org/prosemirror-view/-/prosemirror-view-1.26.2.tgz",
          "integrity": "sha512-CGKw+GadkfSBEwRAJTHCEKJ4DlV6/3IhAdjpwGyZHUHtbP7jX4Ol4zmi7xa2c6GOabDlIJLYXJydoNYLX7lNeQ==",
          "requires": {
            "prosemirror-model": "^1.16.0",
            "prosemirror-state": "^1.0.0",
            "prosemirror-transform": "^1.1.0"
          }
        }
      }
    },
    "@tiptap/extension-strike": {
      "version": "2.0.0-beta.29",
      "resolved": "https://registry.npmjs.org/@tiptap/extension-strike/-/extension-strike-2.0.0-beta.29.tgz",
      "integrity": "sha512-zqFuY7GfNmZ/KClt6kxQ+msGo3syqucP/Xnlihxi+/h/G+oTvEwyOIXCtDOltvxcsWH/TUsdr5vzLp0j+Mdc6Q==",
      "requires": {}
    },
    "@tiptap/extension-text": {
      "version": "2.0.0-beta.17",
      "resolved": "https://registry.npmjs.org/@tiptap/extension-text/-/extension-text-2.0.0-beta.17.tgz",
      "integrity": "sha512-OyKL+pqWJEtjyd9/mrsuY1kZh2b3LWpOQDWKtd4aWR4EA0efmQG+7FPwcIeAVEh7ZoqM+/ABCnPjN6IjzIrSfg==",
      "requires": {}
    },
    "@tiptap/starter-kit": {
      "version": "2.0.0-beta.191",
      "resolved": "https://registry.npmjs.org/@tiptap/starter-kit/-/starter-kit-2.0.0-beta.191.tgz",
      "integrity": "sha512-YRrBCi9W4jiH/xLTJJOCdD7pL4Wb98Ip8qCJ94RElShDj0O1i5tT9wWlgVWoGIU+CRAds5XENRwZ97sJ+YfYyg==",
      "requires": {
        "@tiptap/core": "^2.0.0-beta.182",
        "@tiptap/extension-blockquote": "^2.0.0-beta.29",
        "@tiptap/extension-bold": "^2.0.0-beta.28",
        "@tiptap/extension-bullet-list": "^2.0.0-beta.29",
        "@tiptap/extension-code": "^2.0.0-beta.28",
        "@tiptap/extension-code-block": "^2.0.0-beta.42",
        "@tiptap/extension-document": "^2.0.0-beta.17",
        "@tiptap/extension-dropcursor": "^2.0.0-beta.29",
        "@tiptap/extension-gapcursor": "^2.0.0-beta.39",
        "@tiptap/extension-hard-break": "^2.0.0-beta.33",
        "@tiptap/extension-heading": "^2.0.0-beta.29",
        "@tiptap/extension-history": "^2.0.0-beta.26",
        "@tiptap/extension-horizontal-rule": "^2.0.0-beta.36",
        "@tiptap/extension-italic": "^2.0.0-beta.28",
        "@tiptap/extension-list-item": "^2.0.0-beta.23",
        "@tiptap/extension-ordered-list": "^2.0.0-beta.30",
        "@tiptap/extension-paragraph": "^2.0.0-beta.26",
        "@tiptap/extension-strike": "^2.0.0-beta.29",
        "@tiptap/extension-text": "^2.0.0-beta.17"
      }
    },
    "linkifyjs": {
      "version": "3.0.5",
      "resolved": "https://registry.npmjs.org/linkifyjs/-/linkifyjs-3.0.5.tgz",
      "integrity": "sha512-1Y9XQH65eQKA9p2xtk+zxvnTeQBG7rdAXSkUG97DmuI/Xhji9uaUzaWxRj6rf9YC0v8KKHkxav7tnLX82Sz5Fg=="
    },
    "orderedmap": {
      "version": "2.0.0",
      "resolved": "https://registry.npmjs.org/orderedmap/-/orderedmap-2.0.0.tgz",
      "integrity": "sha512-buf4PoAMlh45b8a8gsGy/X6w279TSqkyAS0C0wdTSJwFSU+ljQFJON5I8NfjLHoCXwpSROIo2wr0g33T+kQshQ=="
    },
    "prosemirror-commands": {
      "version": "1.3.0",
      "resolved": "https://registry.npmjs.org/prosemirror-commands/-/prosemirror-commands-1.3.0.tgz",
      "integrity": "sha512-BwBbZ5OAScPcm0x7H8SPbqjuEJnCU2RJT9LDyOiiIl/3NbL1nJZI4SFNHwU2e/tRr2Xe7JsptpzseqvZvToLBQ==",
      "requires": {
        "prosemirror-model": "^1.0.0",
        "prosemirror-state": "^1.0.0",
        "prosemirror-transform": "^1.0.0"
      }
    },
    "prosemirror-dropcursor": {
      "version": "1.5.0",
      "resolved": "https://registry.npmjs.org/prosemirror-dropcursor/-/prosemirror-dropcursor-1.5.0.tgz",
      "integrity": "sha512-vy7i77ddKyXlu8kKBB3nlxLBnsWyKUmQIPB5x8RkYNh01QNp/qqGmdd5yZefJs0s3rtv5r7Izfu2qbtr+tYAMQ==",
      "requires": {
        "prosemirror-state": "^1.0.0",
        "prosemirror-transform": "^1.1.0",
        "prosemirror-view": "^1.1.0"
      }
    },
    "prosemirror-gapcursor": {
      "version": "1.3.0",
      "resolved": "https://registry.npmjs.org/prosemirror-gapcursor/-/prosemirror-gapcursor-1.3.0.tgz",
      "integrity": "sha512-9Tdx83xB2W4Oqchm12FtCkSizbqvi64cjs1I9TRPblqdA5TUWoVZ4ZI+t71Jh6HSEh4cDMPzx3UwfryJtKlb/w==",
      "requires": {
        "prosemirror-keymap": "^1.0.0",
        "prosemirror-model": "^1.0.0",
        "prosemirror-state": "^1.0.0",
        "prosemirror-view": "^1.0.0"
      }
    },
    "prosemirror-history": {
      "version": "1.3.0",
      "resolved": "https://registry.npmjs.org/prosemirror-history/-/prosemirror-history-1.3.0.tgz",
      "integrity": "sha512-qo/9Wn4B/Bq89/YD+eNWFbAytu6dmIM85EhID+fz9Jcl9+DfGEo8TTSrRhP15+fFEoaPqpHSxlvSzSEbmlxlUA==",
      "requires": {
        "prosemirror-state": "^1.2.2",
        "prosemirror-transform": "^1.0.0",
        "rope-sequence": "^1.3.0"
      }
    },
    "prosemirror-keymap": {
      "version": "1.2.0",
      "resolved": "https://registry.npmjs.org/prosemirror-keymap/-/prosemirror-keymap-1.2.0.tgz",
      "integrity": "sha512-TdSfu+YyLDd54ufN/ZeD1VtBRYpgZnTPnnbY+4R08DDgs84KrIPEPbJL8t1Lm2dkljFx6xeBE26YWH3aIzkPKg==",
      "requires": {
        "prosemirror-state": "^1.0.0",
        "w3c-keyname": "^2.2.0"
      }
    },
    "prosemirror-model": {
      "version": "1.18.1",
      "resolved": "https://registry.npmjs.org/prosemirror-model/-/prosemirror-model-1.18.1.tgz",
      "integrity": "sha512-IxSVBKAEMjD7s3n8cgtwMlxAXZrC7Mlag7zYsAKDndAqnDScvSmp/UdnRTV/B33lTCVU3CCm7dyAn/rVVD0mcw==",
      "requires": {
        "orderedmap": "^2.0.0"
      }
    },
    "prosemirror-schema-list": {
      "version": "1.2.0",
      "resolved": "https://registry.npmjs.org/prosemirror-schema-list/-/prosemirror-schema-list-1.2.0.tgz",
      "integrity": "sha512-8PT/9xOx1HHdC7fDNNfhQ50Z8Mzu7nKyA1KCDltSpcZVZIbB0k7KtsHrnXyuIhbLlScoymBiLZ00c5MH6wdFsA==",
      "requires": {
        "prosemirror-model": "^1.0.0",
        "prosemirror-state": "^1.0.0",
        "prosemirror-transform": "^1.0.0"
      }
    },
    "prosemirror-state": {
      "version": "1.4.1",
      "resolved": "https://registry.npmjs.org/prosemirror-state/-/prosemirror-state-1.4.1.tgz",
      "integrity": "sha512-U/LBDW2gNmVa07sz/D229XigSdDQ5CLFwVB1Vb32MJbAHHhWe/6pOc721faI17tqw4pZ49i1xfY/jEZ9tbIhPg==",
      "requires": {
        "prosemirror-model": "^1.0.0",
        "prosemirror-transform": "^1.0.0"
      }
    },
    "prosemirror-transform": {
      "version": "1.6.0",
      "resolved": "https://registry.npmjs.org/prosemirror-transform/-/prosemirror-transform-1.6.0.tgz",
      "integrity": "sha512-MAp7AjsjEGEqQY0sSMufNIUuEyB1ZR9Fqlm8dTwwWwpEJRv/plsKjWXBbx52q3Ml8MtaMcd7ic14zAHVB3WaMw==",
      "requires": {
        "prosemirror-model": "^1.0.0"
      }
    },
    "prosemirror-view": {
      "version": "1.27.0",
      "resolved": "https://registry.npmjs.org/prosemirror-view/-/prosemirror-view-1.27.0.tgz",
      "integrity": "sha512-yNCQW5eiPkrMgjOT5Xa/ItIvcM7JBG7ikZKaHo26hdBW5OLNnIWGZ0BV6/OiBk742teLybLVNPCpYUcW405Ckg==",
      "requires": {
        "prosemirror-model": "^1.16.0",
        "prosemirror-state": "^1.0.0",
        "prosemirror-transform": "^1.1.0"
      }
    },
    "rope-sequence": {
      "version": "1.3.3",
      "resolved": "https://registry.npmjs.org/rope-sequence/-/rope-sequence-1.3.3.tgz",
      "integrity": "sha512-85aZYCxweiD5J8yTEbw+E6A27zSnLPNDL0WfPdw3YYodq7WjnTKo0q4dtyQ2gz23iPT8Q9CUyJtAaUNcTxRf5Q=="
    },
    "tom-select": {
      "version": "2.1.0",
      "resolved": "https://registry.npmjs.org/tom-select/-/tom-select-2.1.0.tgz",
      "integrity": "sha512-NtE8kACBlMv4QaDakYfnXtEAgM/AVmM7Hw5FNQmij0uwgRgyXC/2kpNJPD1AdT5q/l6mUNkTnInQpTmrwX/tWQ==",
      "requires": {
        "@orchidjs/sifter": "^0.9.2"
      }
    },
    "w3c-keyname": {
      "version": "2.2.4",
      "resolved": "https://registry.npmjs.org/w3c-keyname/-/w3c-keyname-2.2.4.tgz",
      "integrity": "sha512-tOhfEwEzFLJzf6d1ZPkYfGj+FWhIpBux9ppoP3rlclw3Z0BZv3N7b7030Z1kYth+6rDuAsXUFr+d0VE6Ed1ikw=="
    }
  }
}
